
Microsoft Visual Studio Solution File, Format Version 12.00
# Visual Studio for Mac
Project("{FAE04EC0-301F-11D3-BF4B-00C04F79EFBC}") = "Assembly-CSharp", "Assembly-CSharp.csproj", "{0391E764-2985-7820-F329-5163D1E99FF0}"
EndProject
Project("{FAE04EC0-301F-11D3-BF4B-00C04F79EFBC}") = "Assembly-CSharp-firstpass", "Assembly-CSharp-firstpass.csproj", "{1B82BD8B-2A1D-19D0-7118-11ACE54021FB}"
EndProject
Project("{FAE04EC0-301F-11D3-BF4B-00C04F79EFBC}") = "Assembly-CSharp-Editor", "Assembly-CSharp-Editor.csproj", "{4D537FCC-FB53-85A6-6DED-353997869B4E}"
EndProject
Global
	GlobalSection(SolutionConfigurationPlatforms) = preSolution
		Debug|Any CPU = Debug|Any CPU
		Release|Any CPU = Release|Any CPU
	EndGlobalSection
	GlobalSection(ProjectConfigurationPlatforms) = postSolution
		{0391E764-2985-7820-F329-5163D1E99FF0}.Debug|Any CPU.ActiveCfg = Debug|Any CPU
		{0391E764-2985-7820-F329-5163D1E99FF0}.Debug|Any CPU.Build.0 = Debug|Any CPU
		{0391E764-2985-7820-F329-5163D1E99FF0}.Release|Any CPU.ActiveCfg = Release|Any CPU
		{0391E764-2985-7820-F329-5163D1E99FF0}.Release|Any CPU.Build.0 = Release|Any CPU
		{1B82BD8B-2A1D-19D0-7118-11ACE54021FB}.Debug|Any CPU.ActiveCfg = Debug|Any CPU
		{1B82BD8B-2A1D-19D0-7118-11ACE54021FB}.Debug|Any CPU.Build.0 = Debug|Any CPU
		{1B82BD8B-2A1D-19D0-7118-11ACE54021FB}.Release|Any CPU.ActiveCfg = Release|Any CPU
		{1B82BD8B-2A1D-19D0-7118-11ACE54021FB}.Release|Any CPU.Build.0 = Release|Any CPU
		{4D537FCC-FB53-85A6-6DED-353997869B4E}.Debug|Any CPU.ActiveCfg = Debug|Any CPU
		{4D537FCC-FB53-85A6-6DED-353997869B4E}.Debug|Any CPU.Build.0 = Debug|Any CPU
		{4D537FCC-FB53-85A6-6DED-353997869B4E}.Release|Any CPU.ActiveCfg = Release|Any CPU
		{4D537FCC-FB53-85A6-6DED-353997869B4E}.Release|Any CPU.Build.0 = Release|Any CPU
	EndGlobalSection
	GlobalSection(SolutionProperties) = preSolution
		HideSolutionNode = FALSE
	EndGlobalSection
EndGlobal
